
Microsoft Visual Studio Solution File, Format Version 12.00
# Visual Studio Version 16
VisualStudioVersion = 16.6.30114.105
MinimumVisualStudioVersion = 10.0.40219.1
Project("{2150E333-8FDC-42A3-9474-1A3956D46DE8}") = "src", "src", "{2188FCBC-3D66-41B1-839A-3D94C38247AF}"
EndProject
Project("{FAE04EC0-301F-11D3-BF4B-00C04F79EFBC}") = "API", "src\API\API.csproj", "{48BD3A4A-814B-4469-B76B-F786F3D9273E}"
EndProject
Project("{FAE04EC0-301F-11D3-BF4B-00C04F79EFBC}") = "Conditus.Trader.Domain", "src\Conditus.Trader.Domain\Conditus.Trader.Domain.csproj", "{3A1610FD-01E9-4CFC-B705-8363970BB063}"
EndProject
Project("{2150E333-8FDC-42A3-9474-1A3956D46DE8}") = "test", "test", "{E412D1F3-0586-495D-9328-CB2405B6D364}"
EndProject
Project("{FAE04EC0-301F-11D3-BF4B-00C04F79EFBC}") = "Acceptance", "test\Acceptance\Acceptance.csproj", "{49656946-9EAC-4904-96CF-A33C7BB8D647}"
EndProject
Project("{FAE04EC0-301F-11D3-BF4B-00C04F79EFBC}") = "Database", "src\Database\Database.csproj", "{5AD723F8-3AC1-4525-8652-B6C294C5C143}"
EndProject
Global
	GlobalSection(SolutionConfigurationPlatforms) = preSolution
		Debug|Any CPU = Debug|Any CPU
		Debug|x64 = Debug|x64
		Debug|x86 = Debug|x86
		Release|Any CPU = Release|Any CPU
		Release|x64 = Release|x64
		Release|x86 = Release|x86
	EndGlobalSection
	GlobalSection(SolutionProperties) = preSolution
		HideSolutionNode = FALSE
	EndGlobalSection
	GlobalSection(ProjectConfigurationPlatforms) = postSolution
		{48BD3A4A-814B-4469-B76B-F786F3D9273E}.Debug|Any CPU.ActiveCfg = Debug|Any CPU
		{48BD3A4A-814B-4469-B76B-F786F3D9273E}.Debug|Any CPU.Build.0 = Debug|Any CPU
		{48BD3A4A-814B-4469-B76B-F786F3D9273E}.Debug|x64.ActiveCfg = Debug|Any CPU
		{48BD3A4A-814B-4469-B76B-F786F3D9273E}.Debug|x64.Build.0 = Debug|Any CPU
		{48BD3A4A-814B-4469-B76B-F786F3D9273E}.Debug|x86.ActiveCfg = Debug|Any CPU
		{48BD3A4A-814B-4469-B76B-F786F3D9273E}.Debug|x86.Build.0 = Debug|Any CPU
		{48BD3A4A-814B-4469-B76B-F786F3D9273E}.Release|Any CPU.ActiveCfg = Release|Any CPU
		{48BD3A4A-814B-4469-B76B-F786F3D9273E}.Release|Any CPU.Build.0 = Release|Any CPU
		{48BD3A4A-814B-4469-B76B-F786F3D9273E}.Release|x64.ActiveCfg = Release|Any CPU
		{48BD3A4A-814B-4469-B76B-F786F3D9273E}.Release|x64.Build.0 = Release|Any CPU
		{48BD3A4A-814B-4469-B76B-F786F3D9273E}.Release|x86.ActiveCfg = Release|Any CPU
		{48BD3A4A-814B-4469-B76B-F786F3D9273E}.Release|x86.Build.0 = Release|Any CPU
		{3A1610FD-01E9-4CFC-B705-8363970BB063}.Debug|Any CPU.ActiveCfg = Debug|Any CPU
		{3A1610FD-01E9-4CFC-B705-8363970BB063}.Debug|Any CPU.Build.0 = Debug|Any CPU
		{3A1610FD-01E9-4CFC-B705-8363970BB063}.Debug|x64.ActiveCfg = Debug|Any CPU
		{3A1610FD-01E9-4CFC-B705-8363970BB063}.Debug|x64.Build.0 = Debug|Any CPU
		{3A1610FD-01E9-4CFC-B705-8363970BB063}.Debug|x86.ActiveCfg = Debug|Any CPU
		{3A1610FD-01E9-4CFC-B705-8363970BB063}.Debug|x86.Build.0 = Debug|Any CPU
		{3A1610FD-01E9-4CFC-B705-8363970BB063}.Release|Any CPU.ActiveCfg = Release|Any CPU
		{3A1610FD-01E9-4CFC-B705-8363970BB063}.Release|Any CPU.Build.0 = Release|Any CPU
		{3A1610FD-01E9-4CFC-B705-8363970BB063}.Release|x64.ActiveCfg = Release|Any CPU
		{3A1610FD-01E9-4CFC-B705-8363970BB063}.Release|x64.Build.0 = Release|Any CPU
		{3A1610FD-01E9-4CFC-B705-8363970BB063}.Release|x86.ActiveCfg = Release|Any CPU
		{3A1610FD-01E9-4CFC-B705-8363970BB063}.Release|x86.Build.0 = Release|Any CPU
		{49656946-9EAC-4904-96CF-A33C7BB8D647}.Debug|Any CPU.ActiveCfg = Debug|Any CPU
		{49656946-9EAC-4904-96CF-A33C7BB8D647}.Debug|Any CPU.Build.0 = Debug|Any CPU
		{49656946-9EAC-4904-96CF-A33C7BB8D647}.Debug|x64.ActiveCfg = Debug|Any CPU
		{49656946-9EAC-4904-96CF-A33C7BB8D647}.Debug|x64.Build.0 = Debug|Any CPU
		{49656946-9EAC-4904-96CF-A33C7BB8D647}.Debug|x86.ActiveCfg = Debug|Any CPU
		{49656946-9EAC-4904-96CF-A33C7BB8D647}.Debug|x86.Build.0 = Debug|Any CPU
		{49656946-9EAC-4904-96CF-A33C7BB8D647}.Release|Any CPU.ActiveCfg = Release|Any CPU
		{49656946-9EAC-4904-96CF-A33C7BB8D647}.Release|Any CPU.Build.0 = Release|Any CPU
		{49656946-9EAC-4904-96CF-A33C7BB8D647}.Release|x64.ActiveCfg = Release|Any CPU
		{49656946-9EAC-4904-96CF-A33C7BB8D647}.Release|x64.Build.0 = Release|Any CPU
		{49656946-9EAC-4904-96CF-A33C7BB8D647}.Release|x86.ActiveCfg = Release|Any CPU
		{49656946-9EAC-4904-96CF-A33C7BB8D647}.Release|x86.Build.0 = Release|Any CPU
		{5AD723F8-3AC1-4525-8652-B6C294C5C143}.Debug|Any CPU.ActiveCfg = Debug|Any CPU
		{5AD723F8-3AC1-4525-8652-B6C294C5C143}.Debug|Any CPU.Build.0 = Debug|Any CPU
		{5AD723F8-3AC1-4525-8652-B6C294C5C143}.Debug|x64.ActiveCfg = Debug|Any CPU
		{5AD723F8-3AC1-4525-8652-B6C294C5C143}.Debug|x64.Build.0 = Debug|Any CPU
		{5AD723F8-3AC1-4525-8652-B6C294C5C143}.Debug|x86.ActiveCfg = Debug|Any CPU
		{5AD723F8-3AC1-4525-8652-B6C294C5C143}.Debug|x86.Build.0 = Debug|Any CPU
		{5AD723F8-3AC1-4525-8652-B6C294C5C143}.Release|Any CPU.ActiveCfg = Release|Any CPU
		{5AD723F8-3AC1-4525-8652-B6C294C5C143}.Release|Any CPU.Build.0 = Release|Any CPU
		{5AD723F8-3AC1-4525-8652-B6C294C5C143}.Release|x64.ActiveCfg = Release|Any CPU
		{5AD723F8-3AC1-4525-8652-B6C294C5C143}.Release|x64.Build.0 = Release|Any CPU
		{5AD723F8-3AC1-4525-8652-B6C294C5C143}.Release|x86.ActiveCfg = Release|Any CPU
		{5AD723F8-3AC1-4525-8652-B6C294C5C143}.Release|x86.Build.0 = Release|Any CPU
	EndGlobalSection
	GlobalSection(NestedProjects) = preSolution
		{48BD3A4A-814B-4469-B76B-F786F3D9273E} = {2188FCBC-3D66-41B1-839A-3D94C38247AF}
		{3A1610FD-01E9-4CFC-B705-8363970BB063} = {2188FCBC-3D66-41B1-839A-3D94C38247AF}
		{49656946-9EAC-4904-96CF-A33C7BB8D647} = {E412D1F3-0586-495D-9328-CB2405B6D364}
		{5AD723F8-3AC1-4525-8652-B6C294C5C143} = {2188FCBC-3D66-41B1-839A-3D94C38247AF}
	EndGlobalSection
EndGlobal
